
Microsoft Visual Studio Solution File, Format Version 12.00
# Visual Studio 15
VisualStudioVersion = 15.0.28307.1062
MinimumVisualStudioVersion = 10.0.40219.1
Project("{8BC9CEB8-8B4A-11D0-8D11-00A0C91BC942}") = "UBER", "UBER\UBER.vcxproj", "{CBC2CEAE-31C1-45BD-8570-88BC4CE9B322}"
EndProject
Global
	GlobalSection(SolutionConfigurationPlatforms) = preSolution
		Debug|x64 = Debug|x64
		Debug|x86 = Debug|x86
		Release|x64 = Release|x64
		Release|x86 = Release|x86
	EndGlobalSection
	GlobalSection(ProjectConfigurationPlatforms) = postSolution
		{CBC2CEAE-31C1-45BD-8570-88BC4CE9B322}.Debug|x64.ActiveCfg = Debug|x64
		{CBC2CEAE-31C1-45BD-8570-88BC4CE9B322}.Debug|x64.Build.0 = Debug|x64
		{CBC2CEAE-31C1-45BD-8570-88BC4CE9B322}.Debug|x86.ActiveCfg = Debug|Win32
		{CBC2CEAE-31C1-45BD-8570-88BC4CE9B322}.Debug|x86.Build.0 = Debug|Win32
		{CBC2CEAE-31C1-45BD-8570-88BC4CE9B322}.Release|x64.ActiveCfg = Release|x64
		{CBC2CEAE-31C1-45BD-8570-88BC4CE9B322}.Release|x64.Build.0 = Release|x64
		{CBC2CEAE-31C1-45BD-8570-88BC4CE9B322}.Release|x86.ActiveCfg = Release|Win32
		{CBC2CEAE-31C1-45BD-8570-88BC4CE9B322}.Release|x86.Build.0 = Release|Win32
	EndGlobalSection
	GlobalSection(SolutionProperties) = preSolution
		HideSolutionNode = FALSE
	EndGlobalSection
	GlobalSection(ExtensibilityGlobals) = postSolution
		SolutionGuid = {EF09F55E-A9DE-42B1-8325-E728729F81DF}
	EndGlobalSection
EndGlobal
